// !$*UTF8*$!
{
	archiveVersion = 1;
	classes = {
	};
	objectVersion = 56;
	objects = {

/* Begin PBXBuildFile section */
		5209655A2BF9079000D9B3AB /* DataSource.swift in Sources */ = {isa = PBXBuildFile; fileRef = 520965592BF9079000D9B3AB /* DataSource.swift */; };
		52688BDE2C01C5120058CD0E /* TestHttp.swift in Sources */ = {isa = PBXBuildFile; fileRef = 52688BDD2C01C5120058CD0E /* TestHttp.swift */; };
		5281A2672C019A4F001C2625 /* ViewController1.swift in Sources */ = {isa = PBXBuildFile; fileRef = 5281A2662C019A4F001C2625 /* ViewController1.swift */; };
		5281A2692C019A84001C2625 /* ViewController2.swift in Sources */ = {isa = PBXBuildFile; fileRef = 5281A2682C019A84001C2625 /* ViewController2.swift */; };
		5281A26C2C019BCF001C2625 /* Hero.storyboard in Resources */ = {isa = PBXBuildFile; fileRef = 5281A26B2C019BCF001C2625 /* Hero.storyboard */; };
		5281A26F2C01A70C001C2625 /* SkeletonViewController1.swift in Sources */ = {isa = PBXBuildFile; fileRef = 5281A26E2C01A70C001C2625 /* SkeletonViewController1.swift */; };
		52CF22DE2BF888D100C58C32 /* AppDelegate.swift in Sources */ = {isa = PBXBuildFile; fileRef = 52CF22DD2BF888D100C58C32 /* AppDelegate.swift */; };
		52CF22E52BF888D100C58C32 /* Base in Resources */ = {isa = PBXBuildFile; fileRef = 52CF22E42BF888D100C58C32 /* Base */; };
		52CF22E72BF888D200C58C32 /* Assets.xcassets in Resources */ = {isa = PBXBuildFile; fileRef = 52CF22E62BF888D200C58C32 /* Assets.xcassets */; };
		52CF22EA2BF888D200C58C32 /* Base in Resources */ = {isa = PBXBuildFile; fileRef = 52CF22E92BF888D200C58C32 /* Base */; };
		52CF22F92BF889E500C58C32 /* LoginScreenViewController.swift in Sources */ = {isa = PBXBuildFile; fileRef = 52CF22F82BF889E500C58C32 /* LoginScreenViewController.swift */; };
		52CF22FB2BF88D4300C58C32 /* LoginValidation.swift in Sources */ = {isa = PBXBuildFile; fileRef = 52CF22FA2BF88D4300C58C32 /* LoginValidation.swift */; };
		52CF22FD2BF88E9600C58C32 /* HomeScreenViewController.swift in Sources */ = {isa = PBXBuildFile; fileRef = 52CF22FC2BF88E9600C58C32 /* HomeScreenViewController.swift */; };
		52CF22FF2BF8900600C58C32 /* SettingScreenViewController.swift in Sources */ = {isa = PBXBuildFile; fileRef = 52CF22FE2BF8900600C58C32 /* SettingScreenViewController.swift */; };
		52CF23012BF894E800C58C32 /* Note.swift in Sources */ = {isa = PBXBuildFile; fileRef = 52CF23002BF894E800C58C32 /* Note.swift */; };
		52CF23052BF8951900C58C32 /* NSNotification+Ext.swift in Sources */ = {isa = PBXBuildFile; fileRef = 52CF23042BF8951900C58C32 /* NSNotification+Ext.swift */; };
		52CF23072BF8955800C58C32 /* FolderCollectionViewCell.swift in Sources */ = {isa = PBXBuildFile; fileRef = 52CF23062BF8955800C58C32 /* FolderCollectionViewCell.swift */; };
		52CF230B2BF895AD00C58C32 /* KeyboardUtil.swift in Sources */ = {isa = PBXBuildFile; fileRef = 52CF230A2BF895AD00C58C32 /* KeyboardUtil.swift */; };
		52CF230D2BF895CA00C58C32 /* EditNoteViewController.swift in Sources */ = {isa = PBXBuildFile; fileRef = 52CF230C2BF895CA00C58C32 /* EditNoteViewController.swift */; };
		52CF230F2BF895EE00C58C32 /* DataValidation.swift in Sources */ = {isa = PBXBuildFile; fileRef = 52CF230E2BF895EE00C58C32 /* DataValidation.swift */; };
		52CF23132BF896B100C58C32 /* CreateNoteViewController.swift in Sources */ = {isa = PBXBuildFile; fileRef = 52CF23122BF896B100C58C32 /* CreateNoteViewController.swift */; };
		52CF23152BF8987600C58C32 /* Folder.swift in Sources */ = {isa = PBXBuildFile; fileRef = 52CF23142BF8987600C58C32 /* Folder.swift */; };
		52CF23192BF89A4600C58C32 /* CreateFolderViewController.swift in Sources */ = {isa = PBXBuildFile; fileRef = 52CF23182BF89A4600C58C32 /* CreateFolderViewController.swift */; };
		52CF231B2BF89A6200C58C32 /* TemplateViewController.swift in Sources */ = {isa = PBXBuildFile; fileRef = 52CF231A2BF89A6200C58C32 /* TemplateViewController.swift */; };
		52CF231D2BF89FD100C58C32 /* EditFolderViewController.swift in Sources */ = {isa = PBXBuildFile; fileRef = 52CF231C2BF89FD100C58C32 /* EditFolderViewController.swift */; };
		52CF231F2BF8A11800C58C32 /* TableNotesViewController.swift in Sources */ = {isa = PBXBuildFile; fileRef = 52CF231E2BF8A11800C58C32 /* TableNotesViewController.swift */; };
		52CF23212BF8A17300C58C32 /* NoteTableViewCell.swift in Sources */ = {isa = PBXBuildFile; fileRef = 52CF23202BF8A17300C58C32 /* NoteTableViewCell.swift */; };
		E20A1A1D4912AD27E24CCADC /* Pods_exercise002.framework in Frameworks */ = {isa = PBXBuildFile; fileRef = 82242E5F81281571DA380E5C /* Pods_exercise002.framework */; };
/* End PBXBuildFile section */

/* Begin PBXFileReference section */
		2BDDA6316822E2725D52BEC5 /* Pods-exercise002.release.xcconfig */ = {isa = PBXFileReference; includeInIndex = 1; lastKnownFileType = text.xcconfig; name = "Pods-exercise002.release.xcconfig"; path = "Target Support Files/Pods-exercise002/Pods-exercise002.release.xcconfig"; sourceTree = "<group>"; };
		520965592BF9079000D9B3AB /* DataSource.swift */ = {isa = PBXFileReference; lastKnownFileType = sourcecode.swift; path = DataSource.swift; sourceTree = "<group>"; };
		52688BDD2C01C5120058CD0E /* TestHttp.swift */ = {isa = PBXFileReference; lastKnownFileType = sourcecode.swift; path = TestHttp.swift; sourceTree = "<group>"; };
		5281A2662C019A4F001C2625 /* ViewController1.swift */ = {isa = PBXFileReference; lastKnownFileType = sourcecode.swift; path = ViewController1.swift; sourceTree = "<group>"; };
		5281A2682C019A84001C2625 /* ViewController2.swift */ = {isa = PBXFileReference; lastKnownFileType = sourcecode.swift; path = ViewController2.swift; sourceTree = "<group>"; };
		5281A26B2C019BCF001C2625 /* Hero.storyboard */ = {isa = PBXFileReference; lastKnownFileType = file.storyboard; path = Hero.storyboard; sourceTree = "<group>"; };
		5281A26E2C01A70C001C2625 /* SkeletonViewController1.swift */ = {isa = PBXFileReference; lastKnownFileType = sourcecode.swift; path = SkeletonViewController1.swift; sourceTree = "<group>"; };
		52CF22DA2BF888D100C58C32 /* exercise002.app */ = {isa = PBXFileReference; explicitFileType = wrapper.application; includeInIndex = 0; path = exercise002.app; sourceTree = BUILT_PRODUCTS_DIR; };
		52CF22DD2BF888D100C58C32 /* AppDelegate.swift */ = {isa = PBXFileReference; lastKnownFileType = sourcecode.swift; path = AppDelegate.swift; sourceTree = "<group>"; };
		52CF22E42BF888D100C58C32 /* Base */ = {isa = PBXFileReference; lastKnownFileType = file.storyboard; name = Base; path = Base.lproj/Main.storyboard; sourceTree = "<group>"; };
		52CF22E62BF888D200C58C32 /* Assets.xcassets */ = {isa = PBXFileReference; lastKnownFileType = folder.assetcatalog; path = Assets.xcassets; sourceTree = "<group>"; };
		52CF22E92BF888D200C58C32 /* Base */ = {isa = PBXFileReference; lastKnownFileType = file.storyboard; name = Base; path = Base.lproj/LaunchScreen.storyboard; sourceTree = "<group>"; };
		52CF22EB2BF888D200C58C32 /* Info.plist */ = {isa = PBXFileReference; lastKnownFileType = text.plist.xml; path = Info.plist; sourceTree = "<group>"; };
		52CF22F82BF889E500C58C32 /* LoginScreenViewController.swift */ = {isa = PBXFileReference; lastKnownFileType = sourcecode.swift; path = LoginScreenViewController.swift; sourceTree = "<group>"; };
		52CF22FA2BF88D4300C58C32 /* LoginValidation.swift */ = {isa = PBXFileReference; lastKnownFileType = sourcecode.swift; path = LoginValidation.swift; sourceTree = "<group>"; };
		52CF22FC2BF88E9600C58C32 /* HomeScreenViewController.swift */ = {isa = PBXFileReference; lastKnownFileType = sourcecode.swift; path = HomeScreenViewController.swift; sourceTree = "<group>"; };
		52CF22FE2BF8900600C58C32 /* SettingScreenViewController.swift */ = {isa = PBXFileReference; lastKnownFileType = sourcecode.swift; path = SettingScreenViewController.swift; sourceTree = "<group>"; };
		52CF23002BF894E800C58C32 /* Note.swift */ = {isa = PBXFileReference; lastKnownFileType = sourcecode.swift; path = Note.swift; sourceTree = "<group>"; };
		52CF23042BF8951900C58C32 /* NSNotification+Ext.swift */ = {isa = PBXFileReference; lastKnownFileType = sourcecode.swift; path = "NSNotification+Ext.swift"; sourceTree = "<group>"; };
		52CF23062BF8955800C58C32 /* FolderCollectionViewCell.swift */ = {isa = PBXFileReference; lastKnownFileType = sourcecode.swift; path = FolderCollectionViewCell.swift; sourceTree = "<group>"; };
		52CF230A2BF895AD00C58C32 /* KeyboardUtil.swift */ = {isa = PBXFileReference; lastKnownFileType = sourcecode.swift; path = KeyboardUtil.swift; sourceTree = "<group>"; };
		52CF230C2BF895CA00C58C32 /* EditNoteViewController.swift */ = {isa = PBXFileReference; lastKnownFileType = sourcecode.swift; path = EditNoteViewController.swift; sourceTree = "<group>"; };
		52CF230E2BF895EE00C58C32 /* DataValidation.swift */ = {isa = PBXFileReference; lastKnownFileType = sourcecode.swift; path = DataValidation.swift; sourceTree = "<group>"; };
		52CF23122BF896B100C58C32 /* CreateNoteViewController.swift */ = {isa = PBXFileReference; lastKnownFileType = sourcecode.swift; path = CreateNoteViewController.swift; sourceTree = "<group>"; };
		52CF23142BF8987600C58C32 /* Folder.swift */ = {isa = PBXFileReference; lastKnownFileType = sourcecode.swift; path = Folder.swift; sourceTree = "<group>"; };
		52CF23182BF89A4600C58C32 /* CreateFolderViewController.swift */ = {isa = PBXFileReference; lastKnownFileType = sourcecode.swift; path = CreateFolderViewController.swift; sourceTree = "<group>"; };
		52CF231A2BF89A6200C58C32 /* TemplateViewController.swift */ = {isa = PBXFileReference; lastKnownFileType = sourcecode.swift; path = TemplateViewController.swift; sourceTree = "<group>"; };
		52CF231C2BF89FD100C58C32 /* EditFolderViewController.swift */ = {isa = PBXFileReference; lastKnownFileType = sourcecode.swift; path = EditFolderViewController.swift; sourceTree = "<group>"; };
		52CF231E2BF8A11800C58C32 /* TableNotesViewController.swift */ = {isa = PBXFileReference; lastKnownFileType = sourcecode.swift; path = TableNotesViewController.swift; sourceTree = "<group>"; };
		52CF23202BF8A17300C58C32 /* NoteTableViewCell.swift */ = {isa = PBXFileReference; lastKnownFileType = sourcecode.swift; path = NoteTableViewCell.swift; sourceTree = "<group>"; };
		82242E5F81281571DA380E5C /* Pods_exercise002.framework */ = {isa = PBXFileReference; explicitFileType = wrapper.framework; includeInIndex = 0; path = Pods_exercise002.framework; sourceTree = BUILT_PRODUCTS_DIR; };
		A77818CD53009CD07A90D8B9 /* Pods-exercise002.debug.xcconfig */ = {isa = PBXFileReference; includeInIndex = 1; lastKnownFileType = text.xcconfig; name = "Pods-exercise002.debug.xcconfig"; path = "Target Support Files/Pods-exercise002/Pods-exercise002.debug.xcconfig"; sourceTree = "<group>"; };
/* End PBXFileReference section */

/* Begin PBXFrameworksBuildPhase section */
		52CF22D72BF888D100C58C32 /* Frameworks */ = {
			isa = PBXFrameworksBuildPhase;
			buildActionMask = 2147483647;
			files = (
				E20A1A1D4912AD27E24CCADC /* Pods_exercise002.framework in Frameworks */,
			);
			runOnlyForDeploymentPostprocessing = 0;
		};
/* End PBXFrameworksBuildPhase section */

/* Begin PBXGroup section */
		2DA540FE6D4898E2D8862899 /* Pods */ = {
			isa = PBXGroup;
			children = (
				A77818CD53009CD07A90D8B9 /* Pods-exercise002.debug.xcconfig */,
				2BDDA6316822E2725D52BEC5 /* Pods-exercise002.release.xcconfig */,
			);
			path = Pods;
			sourceTree = "<group>";
		};
		520965582BF9078700D9B3AB /* datasource */ = {
			isa = PBXGroup;
			children = (
				520965592BF9079000D9B3AB /* DataSource.swift */,
			);
			path = datasource;
			sourceTree = "<group>";
		};
		52688BDC2C01C4520058CD0E /* alamofiernetwork */ = {
			isa = PBXGroup;
			children = (
				52688BDD2C01C5120058CD0E /* TestHttp.swift */,
			);
			path = alamofiernetwork;
			sourceTree = "<group>";
		};
		5281A2652C019A37001C2625 /* hero */ = {
			isa = PBXGroup;
			children = (
				5281A2662C019A4F001C2625 /* ViewController1.swift */,
				5281A2682C019A84001C2625 /* ViewController2.swift */,
			);
			path = hero;
			sourceTree = "<group>";
		};
		5281A26A2C019BB6001C2625 /* storyboard */ = {
			isa = PBXGroup;
			children = (
				5281A26B2C019BCF001C2625 /* Hero.storyboard */,
			);
			path = storyboard;
			sourceTree = "<group>";
		};
		5281A26D2C01A6ED001C2625 /* skeletonview */ = {
			isa = PBXGroup;
			children = (
				5281A26E2C01A70C001C2625 /* SkeletonViewController1.swift */,
			);
			path = skeletonview;
			sourceTree = "<group>";
		};
		52CF22D12BF888D100C58C32 = {
			isa = PBXGroup;
			children = (
				52CF22DC2BF888D100C58C32 /* exercise002 */,
				52CF22DB2BF888D100C58C32 /* Products */,
				2DA540FE6D4898E2D8862899 /* Pods */,
				A277609CCBE2E6E270F0C755 /* Frameworks */,
			);
			sourceTree = "<group>";
		};
		52CF22DB2BF888D100C58C32 /* Products */ = {
			isa = PBXGroup;
			children = (
				52CF22DA2BF888D100C58C32 /* exercise002.app */,
			);
			name = Products;
			sourceTree = "<group>";
		};
		52CF22DC2BF888D100C58C32 /* exercise002 */ = {
			isa = PBXGroup;
			children = (
				52688BDC2C01C4520058CD0E /* alamofiernetwork */,
				5281A26D2C01A6ED001C2625 /* skeletonview */,
				5281A26A2C019BB6001C2625 /* storyboard */,
				5281A2652C019A37001C2625 /* hero */,
				520965582BF9078700D9B3AB /* datasource */,
				52CF22F72BF889C300C58C32 /* validation */,
				52CF22F62BF889B900C58C32 /* view */,
				52CF22F52BF889AF00C58C32 /* util */,
				52CF22F42BF889A600C58C32 /* extension */,
				52CF22F22BF8897100C58C32 /* model */,
				52CF22F12BF8896200C58C32 /* viewcontroller */,
				52CF22DD2BF888D100C58C32 /* AppDelegate.swift */,
				52CF22E32BF888D100C58C32 /* Main.storyboard */,
				52CF22E62BF888D200C58C32 /* Assets.xcassets */,
				52CF22E82BF888D200C58C32 /* LaunchScreen.storyboard */,
				52CF22EB2BF888D200C58C32 /* Info.plist */,
			);
			path = exercise002;
			sourceTree = "<group>";
		};
		52CF22F12BF8896200C58C32 /* viewcontroller */ = {
			isa = PBXGroup;
			children = (
				52CF22F82BF889E500C58C32 /* LoginScreenViewController.swift */,
				52CF22FC2BF88E9600C58C32 /* HomeScreenViewController.swift */,
				52CF22FE2BF8900600C58C32 /* SettingScreenViewController.swift */,
				52CF230C2BF895CA00C58C32 /* EditNoteViewController.swift */,
				52CF23122BF896B100C58C32 /* CreateNoteViewController.swift */,
				52CF23182BF89A4600C58C32 /* CreateFolderViewController.swift */,
				52CF231A2BF89A6200C58C32 /* TemplateViewController.swift */,
				52CF231C2BF89FD100C58C32 /* EditFolderViewController.swift */,
				52CF231E2BF8A11800C58C32 /* TableNotesViewController.swift */,
			);
			path = viewcontroller;
			sourceTree = "<group>";
		};
		52CF22F22BF8897100C58C32 /* model */ = {
			isa = PBXGroup;
			children = (
				52CF23002BF894E800C58C32 /* Note.swift */,
				52CF23142BF8987600C58C32 /* Folder.swift */,
			);
			path = model;
			sourceTree = "<group>";
		};
		52CF22F42BF889A600C58C32 /* extension */ = {
			isa = PBXGroup;
			children = (
				52CF23042BF8951900C58C32 /* NSNotification+Ext.swift */,
			);
			path = extension;
			sourceTree = "<group>";
		};
		52CF22F52BF889AF00C58C32 /* util */ = {
			isa = PBXGroup;
			children = (
				52CF230A2BF895AD00C58C32 /* KeyboardUtil.swift */,
				52CF230E2BF895EE00C58C32 /* DataValidation.swift */,
			);
			path = util;
			sourceTree = "<group>";
		};
		52CF22F62BF889B900C58C32 /* view */ = {
			isa = PBXGroup;
			children = (
				52CF23202BF8A17300C58C32 /* NoteTableViewCell.swift */,
				52CF23062BF8955800C58C32 /* FolderCollectionViewCell.swift */,
			);
			path = view;
			sourceTree = "<group>";
		};
		52CF22F72BF889C300C58C32 /* validation */ = {
			isa = PBXGroup;
			children = (
				52CF22FA2BF88D4300C58C32 /* LoginValidation.swift */,
			);
			path = validation;
			sourceTree = "<group>";
		};
		A277609CCBE2E6E270F0C755 /* Frameworks */ = {
			isa = PBXGroup;
			children = (
				82242E5F81281571DA380E5C /* Pods_exercise002.framework */,
			);
			name = Frameworks;
			sourceTree = "<group>";
		};
/* End PBXGroup section */

/* Begin PBXNativeTarget section */
		52CF22D92BF888D100C58C32 /* exercise002 */ = {
			isa = PBXNativeTarget;
			buildConfigurationList = 52CF22EE2BF888D200C58C32 /* Build configuration list for PBXNativeTarget "exercise002" */;
			buildPhases = (
				12345FE1B561FEFAF770792E /* [CP] Check Pods Manifest.lock */,
				52CF22D62BF888D100C58C32 /* Sources */,
				52CF22D72BF888D100C58C32 /* Frameworks */,
				52CF22D82BF888D100C58C32 /* Resources */,
				56863798D654A80E97728033 /* [CP] Embed Pods Frameworks */,
			);
			buildRules = (
			);
			dependencies = (
			);
			name = exercise002;
			productName = exercise002;
			productReference = 52CF22DA2BF888D100C58C32 /* exercise002.app */;
			productType = "com.apple.product-type.application";
		};
/* End PBXNativeTarget section */

/* Begin PBXProject section */
		52CF22D22BF888D100C58C32 /* Project object */ = {
			isa = PBXProject;
			attributes = {
				BuildIndependentTargetsInParallel = 1;
				LastSwiftUpdateCheck = 1530;
				LastUpgradeCheck = 1530;
				TargetAttributes = {
					52CF22D92BF888D100C58C32 = {
						CreatedOnToolsVersion = 15.3;
					};
				};
			};
			buildConfigurationList = 52CF22D52BF888D100C58C32 /* Build configuration list for PBXProject "exercise002" */;
			compatibilityVersion = "Xcode 14.0";
			developmentRegion = en;
			hasScannedForEncodings = 0;
			knownRegions = (
				en,
				Base,
			);
			mainGroup = 52CF22D12BF888D100C58C32;
			productRefGroup = 52CF22DB2BF888D100C58C32 /* Products */;
			projectDirPath = "";
			projectRoot = "";
			targets = (
				52CF22D92BF888D100C58C32 /* exercise002 */,
			);
		};
/* End PBXProject section */

/* Begin PBXResourcesBuildPhase section */
		52CF22D82BF888D100C58C32 /* Resources */ = {
			isa = PBXResourcesBuildPhase;
			buildActionMask = 2147483647;
			files = (
				5281A26C2C019BCF001C2625 /* Hero.storyboard in Resources */,
				52CF22E72BF888D200C58C32 /* Assets.xcassets in Resources */,
				52CF22EA2BF888D200C58C32 /* Base in Resources */,
				52CF22E52BF888D100C58C32 /* Base in Resources */,
			);
			runOnlyForDeploymentPostprocessing = 0;
		};
/* End PBXResourcesBuildPhase section */

/* Begin PBXShellScriptBuildPhase section */
		12345FE1B561FEFAF770792E /* [CP] Check Pods Manifest.lock */ = {
			isa = PBXShellScriptBuildPhase;
			buildActionMask = 2147483647;
			files = (
			);
			inputFileListPaths = (
			);
			inputPaths = (
				"${PODS_PODFILE_DIR_PATH}/Podfile.lock",
				"${PODS_ROOT}/Manifest.lock",
			);
			name = "[CP] Check Pods Manifest.lock";
			outputFileListPaths = (
			);
			outputPaths = (
				"$(DERIVED_FILE_DIR)/Pods-exercise002-checkManifestLockResult.txt",
			);
			runOnlyForDeploymentPostprocessing = 0;
			shellPath = /bin/sh;
			shellScript = "diff \"${PODS_PODFILE_DIR_PATH}/Podfile.lock\" \"${PODS_ROOT}/Manifest.lock\" > /dev/null\nif [ $? != 0 ] ; then\n    # print error to STDERR\n    echo \"error: The sandbox is not in sync with the Podfile.lock. Run 'pod install' or update your CocoaPods installation.\" >&2\n    exit 1\nfi\n# This output is used by Xcode 'outputs' to avoid re-running this script phase.\necho \"SUCCESS\" > \"${SCRIPT_OUTPUT_FILE_0}\"\n";
			showEnvVarsInLog = 0;
		};
		56863798D654A80E97728033 /* [CP] Embed Pods Frameworks */ = {
			isa = PBXShellScriptBuildPhase;
			buildActionMask = 2147483647;
			files = (
			);
			inputFileListPaths = (
				"${PODS_ROOT}/Target Support Files/Pods-exercise002/Pods-exercise002-frameworks-${CONFIGURATION}-input-files.xcfilelist",
			);
			name = "[CP] Embed Pods Frameworks";
			outputFileListPaths = (
				"${PODS_ROOT}/Target Support Files/Pods-exercise002/Pods-exercise002-frameworks-${CONFIGURATION}-output-files.xcfilelist",
			);
			runOnlyForDeploymentPostprocessing = 0;
			shellPath = /bin/sh;
			shellScript = "\"${PODS_ROOT}/Target Support Files/Pods-exercise002/Pods-exercise002-frameworks.sh\"\n";
			showEnvVarsInLog = 0;
		};
/* End PBXShellScriptBuildPhase section */

/* Begin PBXSourcesBuildPhase section */
		52CF22D62BF888D100C58C32 /* Sources */ = {
			isa = PBXSourcesBuildPhase;
			buildActionMask = 2147483647;
			files = (
				52CF23192BF89A4600C58C32 /* CreateFolderViewController.swift in Sources */,
				52CF231F2BF8A11800C58C32 /* TableNotesViewController.swift in Sources */,
				52CF231D2BF89FD100C58C32 /* EditFolderViewController.swift in Sources */,
				52CF23072BF8955800C58C32 /* FolderCollectionViewCell.swift in Sources */,
				52CF23212BF8A17300C58C32 /* NoteTableViewCell.swift in Sources */,
				52CF230F2BF895EE00C58C32 /* DataValidation.swift in Sources */,
				5209655A2BF9079000D9B3AB /* DataSource.swift in Sources */,
				52CF22F92BF889E500C58C32 /* LoginScreenViewController.swift in Sources */,
				52CF23132BF896B100C58C32 /* CreateNoteViewController.swift in Sources */,
				52CF22FD2BF88E9600C58C32 /* HomeScreenViewController.swift in Sources */,
				52CF22FB2BF88D4300C58C32 /* LoginValidation.swift in Sources */,
				52688BDE2C01C5120058CD0E /* TestHttp.swift in Sources */,
				52CF22FF2BF8900600C58C32 /* SettingScreenViewController.swift in Sources */,
				52CF230B2BF895AD00C58C32 /* KeyboardUtil.swift in Sources */,
				5281A26F2C01A70C001C2625 /* SkeletonViewController1.swift in Sources */,
				52CF22DE2BF888D100C58C32 /* AppDelegate.swift in Sources */,
				5281A2692C019A84001C2625 /* ViewController2.swift in Sources */,
				52CF23152BF8987600C58C32 /* Folder.swift in Sources */,
				52CF23012BF894E800C58C32 /* Note.swift in Sources */,
				5281A2672C019A4F001C2625 /* ViewController1.swift in Sources */,
				52CF230D2BF895CA00C58C32 /* EditNoteViewController.swift in Sources */,
				52CF231B2BF89A6200C58C32 /* TemplateViewController.swift in Sources */,
				52CF23052BF8951900C58C32 /* NSNotification+Ext.swift in Sources */,
			);
			runOnlyForDeploymentPostprocessing = 0;
		};
/* End PBXSourcesBuildPhase section */

/* Begin PBXVariantGroup section */
		52CF22E32BF888D100C58C32 /* Main.storyboard */ = {
			isa = PBXVariantGroup;
			children = (
				52CF22E42BF888D100C58C32 /* Base */,
			);
			name = Main.storyboard;
			sourceTree = "<group>";
		};
		52CF22E82BF888D200C58C32 /* LaunchScreen.storyboard */ = {
			isa = PBXVariantGroup;
			children = (
				52CF22E92BF888D200C58C32 /* Base */,
			);
			name = LaunchScreen.storyboard;
			sourceTree = "<group>";
		};
/* End PBXVariantGroup section */

/* Begin XCBuildConfiguration section */
		52CF22EC2BF888D200C58C32 /* Debug */ = {
			isa = XCBuildConfiguration;
			buildSettings = {
				ALWAYS_SEARCH_USER_PATHS = NO;
				ASSETCATALOG_COMPILER_GENERATE_SWIFT_ASSET_SYMBOL_EXTENSIONS = YES;
				CLANG_ANALYZER_NONNULL = YES;
				CLANG_ANALYZER_NUMBER_OBJECT_CONVERSION = YES_AGGRESSIVE;
				CLANG_CXX_LANGUAGE_STANDARD = "gnu++20";
				CLANG_ENABLE_MODULES = YES;
				CLANG_ENABLE_OBJC_ARC = YES;
				CLANG_ENABLE_OBJC_WEAK = YES;
				CLANG_WARN_BLOCK_CAPTURE_AUTORELEASING = YES;
				CLANG_WARN_BOOL_CONVERSION = YES;
				CLANG_WARN_COMMA = YES;
				CLANG_WARN_CONSTANT_CONVERSION = YES;
				CLANG_WARN_DEPRECATED_OBJC_IMPLEMENTATIONS = YES;
				CLANG_WARN_DIRECT_OBJC_ISA_USAGE = YES_ERROR;
				CLANG_WARN_DOCUMENTATION_COMMENTS = YES;
				CLANG_WARN_EMPTY_BODY = YES;
				CLANG_WARN_ENUM_CONVERSION = YES;
				CLANG_WARN_INFINITE_RECURSION = YES;
				CLANG_WARN_INT_CONVERSION = YES;
				CLANG_WARN_NON_LITERAL_NULL_CONVERSION = YES;
				CLANG_WARN_OBJC_IMPLICIT_RETAIN_SELF = YES;
				CLANG_WARN_OBJC_LITERAL_CONVERSION = YES;
				CLANG_WARN_OBJC_ROOT_CLASS = YES_ERROR;
				CLANG_WARN_QUOTED_INCLUDE_IN_FRAMEWORK_HEADER = YES;
				CLANG_WARN_RANGE_LOOP_ANALYSIS = YES;
				CLANG_WARN_STRICT_PROTOTYPES = YES;
				CLANG_WARN_SUSPICIOUS_MOVE = YES;
				CLANG_WARN_UNGUARDED_AVAILABILITY = YES_AGGRESSIVE;
				CLANG_WARN_UNREACHABLE_CODE = YES;
				CLANG_WARN__DUPLICATE_METHOD_MATCH = YES;
				COPY_PHASE_STRIP = NO;
				DEBUG_INFORMATION_FORMAT = dwarf;
				ENABLE_STRICT_OBJC_MSGSEND = YES;
				ENABLE_TESTABILITY = YES;
				ENABLE_USER_SCRIPT_SANDBOXING = YES;
				GCC_C_LANGUAGE_STANDARD = gnu17;
				GCC_DYNAMIC_NO_PIC = NO;
				GCC_NO_COMMON_BLOCKS = YES;
				GCC_OPTIMIZATION_LEVEL = 0;
				GCC_PREPROCESSOR_DEFINITIONS = (
					"DEBUG=1",
					"$(inherited)",
				);
				GCC_WARN_64_TO_32_BIT_CONVERSION = YES;
				GCC_WARN_ABOUT_RETURN_TYPE = YES_ERROR;
				GCC_WARN_UNDECLARED_SELECTOR = YES;
				GCC_WARN_UNINITIALIZED_AUTOS = YES_AGGRESSIVE;
				GCC_WARN_UNUSED_FUNCTION = YES;
				GCC_WARN_UNUSED_VARIABLE = YES;
				IPHONEOS_DEPLOYMENT_TARGET = 17.4;
				LOCALIZATION_PREFERS_STRING_CATALOGS = YES;
				MTL_ENABLE_DEBUG_INFO = INCLUDE_SOURCE;
				MTL_FAST_MATH = YES;
				ONLY_ACTIVE_ARCH = YES;
				SDKROOT = iphoneos;
				SWIFT_ACTIVE_COMPILATION_CONDITIONS = "DEBUG $(inherited)";
				SWIFT_OPTIMIZATION_LEVEL = "-Onone";
			};
			name = Debug;
		};
		52CF22ED2BF888D200C58C32 /* Release */ = {
			isa = XCBuildConfiguration;
			buildSettings = {
				ALWAYS_SEARCH_USER_PATHS = NO;
				ASSETCATALOG_COMPILER_GENERATE_SWIFT_ASSET_SYMBOL_EXTENSIONS = YES;
				CLANG_ANALYZER_NONNULL = YES;
				CLANG_ANALYZER_NUMBER_OBJECT_CONVERSION = YES_AGGRESSIVE;
				CLANG_CXX_LANGUAGE_STANDARD = "gnu++20";
				CLANG_ENABLE_MODULES = YES;
				CLANG_ENABLE_OBJC_ARC = YES;
				CLANG_ENABLE_OBJC_WEAK = YES;
				CLANG_WARN_BLOCK_CAPTURE_AUTORELEASING = YES;
				CLANG_WARN_BOOL_CONVERSION = YES;
				CLANG_WARN_COMMA = YES;
				CLANG_WARN_CONSTANT_CONVERSION = YES;
				CLANG_WARN_DEPRECATED_OBJC_IMPLEMENTATIONS = YES;
				CLANG_WARN_DIRECT_OBJC_ISA_USAGE = YES_ERROR;
				CLANG_WARN_DOCUMENTATION_COMMENTS = YES;
				CLANG_WARN_EMPTY_BODY = YES;
				CLANG_WARN_ENUM_CONVERSION = YES;
				CLANG_WARN_INFINITE_RECURSION = YES;
				CLANG_WARN_INT_CONVERSION = YES;
				CLANG_WARN_NON_LITERAL_NULL_CONVERSION = YES;
				CLANG_WARN_OBJC_IMPLICIT_RETAIN_SELF = YES;
				CLANG_WARN_OBJC_LITERAL_CONVERSION = YES;
				CLANG_WARN_OBJC_ROOT_CLASS = YES_ERROR;
				CLANG_WARN_QUOTED_INCLUDE_IN_FRAMEWORK_HEADER = YES;
				CLANG_WARN_RANGE_LOOP_ANALYSIS = YES;
				CLANG_WARN_STRICT_PROTOTYPES = YES;
				CLANG_WARN_SUSPICIOUS_MOVE = YES;
				CLANG_WARN_UNGUARDED_AVAILABILITY = YES_AGGRESSIVE;
				CLANG_WARN_UNREACHABLE_CODE = YES;
				CLANG_WARN__DUPLICATE_METHOD_MATCH = YES;
				COPY_PHASE_STRIP = NO;
				DEBUG_INFORMATION_FORMAT = "dwarf-with-dsym";
				ENABLE_NS_ASSERTIONS = NO;
				ENABLE_STRICT_OBJC_MSGSEND = YES;
				ENABLE_USER_SCRIPT_SANDBOXING = YES;
				GCC_C_LANGUAGE_STANDARD = gnu17;
				GCC_NO_COMMON_BLOCKS = YES;
				GCC_WARN_64_TO_32_BIT_CONVERSION = YES;
				GCC_WARN_ABOUT_RETURN_TYPE = YES_ERROR;
				GCC_WARN_UNDECLARED_SELECTOR = YES;
				GCC_WARN_UNINITIALIZED_AUTOS = YES_AGGRESSIVE;
				GCC_WARN_UNUSED_FUNCTION = YES;
				GCC_WARN_UNUSED_VARIABLE = YES;
				IPHONEOS_DEPLOYMENT_TARGET = 17.4;
				LOCALIZATION_PREFERS_STRING_CATALOGS = YES;
				MTL_ENABLE_DEBUG_INFO = NO;
				MTL_FAST_MATH = YES;
				SDKROOT = iphoneos;
				SWIFT_COMPILATION_MODE = wholemodule;
				VALIDATE_PRODUCT = YES;
			};
			name = Release;
		};
		52CF22EF2BF888D200C58C32 /* Debug */ = {
			isa = XCBuildConfiguration;
			baseConfigurationReference = A77818CD53009CD07A90D8B9 /* Pods-exercise002.debug.xcconfig */;
			buildSettings = {
				ASSETCATALOG_COMPILER_APPICON_NAME = AppIcon;
				ASSETCATALOG_COMPILER_GLOBAL_ACCENT_COLOR_NAME = AccentColor;
				CODE_SIGN_STYLE = Automatic;
				CURRENT_PROJECT_VERSION = 1;
				DEVELOPMENT_TEAM = HG7TQ755V4;
				ENABLE_USER_SCRIPT_SANDBOXING = NO;
				GENERATE_INFOPLIST_FILE = YES;
				INFOPLIST_FILE = exercise002/Info.plist;
				INFOPLIST_KEY_CFBundleDisplayName = exercise;
				INFOPLIST_KEY_UIApplicationSupportsIndirectInputEvents = YES;
				INFOPLIST_KEY_UILaunchStoryboardName = LaunchScreen;
				INFOPLIST_KEY_UIMainStoryboardFile = Main;
				INFOPLIST_KEY_UISupportedInterfaceOrientations_iPad = "UIInterfaceOrientationPortrait UIInterfaceOrientationPortraitUpsideDown UIInterfaceOrientationLandscapeLeft UIInterfaceOrientationLandscapeRight";
				INFOPLIST_KEY_UISupportedInterfaceOrientations_iPhone = "UIInterfaceOrientationPortrait UIInterfaceOrientationLandscapeLeft UIInterfaceOrientationLandscapeRight";
				IPHONEOS_DEPLOYMENT_TARGET = 13.0;
				LD_RUNPATH_SEARCH_PATHS = (
					"$(inherited)",
					"@executable_path/Frameworks",
				);
				MARKETING_VERSION = 1.0;
				PRODUCT_BUNDLE_IDENTIFIER = com.vicheak.exercise002;
				PRODUCT_NAME = "$(TARGET_NAME)";
				SWIFT_EMIT_LOC_STRINGS = YES;
				SWIFT_VERSION = 5.0;
				TARGETED_DEVICE_FAMILY = "1,2";
			};
			name = Debug;
		};
		52CF22F02BF888D200C58C32 /* Release */ = {
			isa = XCBuildConfiguration;
			baseConfigurationReference = 2BDDA6316822E2725D52BEC5 /* Pods-exercise002.release.xcconfig */;
			buildSettings = {
				ASSETCATALOG_COMPILER_APPICON_NAME = AppIcon;
				ASSETCATALOG_COMPILER_GLOBAL_ACCENT_COLOR_NAME = AccentColor;
				CODE_SIGN_STYLE = Automatic;
				CURRENT_PROJECT_VERSION = 1;
				DEVELOPMENT_TEAM = HG7TQ755V4;
				ENABLE_USER_SCRIPT_SANDBOXING = NO;
				GENERATE_INFOPLIST_FILE = YES;
				INFOPLIST_FILE = exercise002/Info.plist;
				INFOPLIST_KEY_CFBundleDisplayName = exercise;
				INFOPLIST_KEY_UIApplicationSupportsIndirectInputEvents = YES;
				INFOPLIST_KEY_UILaunchStoryboardName = LaunchScreen;
				INFOPLIST_KEY_UIMainStoryboardFile = Main;
				INFOPLIST_KEY_UISupportedInterfaceOrientations_iPad = "UIInterfaceOrientationPortrait UIInterfaceOrientationPortraitUpsideDown UIInterfaceOrientationLandscapeLeft UIInterfaceOrientationLandscapeRight";
				INFOPLIST_KEY_UISupportedInterfaceOrientations_iPhone = "UIInterfaceOrientationPortrait UIInterfaceOrientationLandscapeLeft UIInterfaceOrientationLandscapeRight";
				IPHONEOS_DEPLOYMENT_TARGET = 13.0;
				LD_RUNPATH_SEARCH_PATHS = (
					"$(inherited)",
					"@executable_path/Frameworks",
				);
				MARKETING_VERSION = 1.0;
				PRODUCT_BUNDLE_IDENTIFIER = com.vicheak.exercise002;
				PRODUCT_NAME = "$(TARGET_NAME)";
				SWIFT_EMIT_LOC_STRINGS = YES;
				SWIFT_VERSION = 5.0;
				TARGETED_DEVICE_FAMILY = "1,2";
			};
			name = Release;
		};
/* End XCBuildConfiguration section */

/* Begin XCConfigurationList section */
		52CF22D52BF888D100C58C32 /* Build configuration list for PBXProject "exercise002" */ = {
			isa = XCConfigurationList;
			buildConfigurations = (
				52CF22EC2BF888D200C58C32 /* Debug */,
				52CF22ED2BF888D200C58C32 /* Release */,
			);
			defaultConfigurationIsVisible = 0;
			defaultConfigurationName = Release;
		};
		52CF22EE2BF888D200C58C32 /* Build configuration list for PBXNativeTarget "exercise002" */ = {
			isa = XCConfigurationList;
			buildConfigurations = (
				52CF22EF2BF888D200C58C32 /* Debug */,
				52CF22F02BF888D200C58C32 /* Release */,
			);
			defaultConfigurationIsVisible = 0;
			defaultConfigurationName = Release;
		};
/* End XCConfigurationList section */
	};
	rootObject = 52CF22D22BF888D100C58C32 /* Project object */;
}
